
Microsoft Visual Studio Solution File, Format Version 12.00
# Visual Studio Version 16
VisualStudioVersion = 16.0.28922.388
MinimumVisualStudioVersion = 10.0.40219.1
Project("{FAE04EC0-301F-11D3-BF4B-00C04F79EFBC}") = "ClipboardDiff", "ClipboardDiff\ClipboardDiff.csproj", "{3F248A34-03E0-41D5-8BEB-59ADC05516DC}"
EndProject
Global
	GlobalSection(SolutionConfigurationPlatforms) = preSolution
		Debug|Any CPU = Debug|Any CPU
		Release|Any CPU = Release|Any CPU
	EndGlobalSection
	GlobalSection(ProjectConfigurationPlatforms) = postSolution
		{3F248A34-03E0-41D5-8BEB-59ADC05516DC}.Debug|Any CPU.ActiveCfg = Debug|Any CPU
		{3F248A34-03E0-41D5-8BEB-59ADC05516DC}.Debug|Any CPU.Build.0 = Debug|Any CPU
		{3F248A34-03E0-41D5-8BEB-59ADC05516DC}.Release|Any CPU.ActiveCfg = Release|Any CPU
		{3F248A34-03E0-41D5-8BEB-59ADC05516DC}.Release|Any CPU.Build.0 = Release|Any CPU
	EndGlobalSection
	GlobalSection(SolutionProperties) = preSolution
		HideSolutionNode = FALSE
	EndGlobalSection
	GlobalSection(ExtensibilityGlobals) = postSolution
		SolutionGuid = {B1CF9564-4690-4DF5-9433-7955CF3FB3B9}
	EndGlobalSection
EndGlobal
